
Microsoft Visual Studio Solution File, Format Version 12.00
# Visual Studio 15
VisualStudioVersion = 15.0.28010.2019
MinimumVisualStudioVersion = 10.0.40219.1
Project("{8BC9CEB8-8B4A-11D0-8D11-00A0C91BC942}") = "Project1", "Project1\Project1.vcxproj", "{5C98BA02-5FED-432D-B262-617D26B15BA9}"
EndProject
Global
	GlobalSection(SolutionConfigurationPlatforms) = preSolution
		Debug|x64 = Debug|x64
		Debug|x86 = Debug|x86
		Release|x64 = Release|x64
		Release|x86 = Release|x86
	EndGlobalSection
	GlobalSection(ProjectConfigurationPlatforms) = postSolution
		{5C98BA02-5FED-432D-B262-617D26B15BA9}.Debug|x64.ActiveCfg = Debug|x64
		{5C98BA02-5FED-432D-B262-617D26B15BA9}.Debug|x64.Build.0 = Debug|x64
		{5C98BA02-5FED-432D-B262-617D26B15BA9}.Debug|x86.ActiveCfg = Debug|Win32
		{5C98BA02-5FED-432D-B262-617D26B15BA9}.Debug|x86.Build.0 = Debug|Win32
		{5C98BA02-5FED-432D-B262-617D26B15BA9}.Release|x64.ActiveCfg = Release|x64
		{5C98BA02-5FED-432D-B262-617D26B15BA9}.Release|x64.Build.0 = Release|x64
		{5C98BA02-5FED-432D-B262-617D26B15BA9}.Release|x86.ActiveCfg = Release|Win32
		{5C98BA02-5FED-432D-B262-617D26B15BA9}.Release|x86.Build.0 = Release|Win32
	EndGlobalSection
	GlobalSection(SolutionProperties) = preSolution
		HideSolutionNode = FALSE
	EndGlobalSection
	GlobalSection(ExtensibilityGlobals) = postSolution
		SolutionGuid = {0D82CF89-19C5-482E-A92E-17F7442EE802}
	EndGlobalSection
EndGlobal
